
Microsoft Visual Studio Solution File, Format Version 12.00
# Visual Studio 15
VisualStudioVersion = 15.0.28307.136
MinimumVisualStudioVersion = 10.0.40219.1
Project("{FAE04EC0-301F-11D3-BF4B-00C04F79EFBC}") = "17", "17.csproj", "{49151F12-26B4-4A13-90BF-4F33AEA3C833}"
EndProject
Global
	GlobalSection(SolutionConfigurationPlatforms) = preSolution
		Debug|Any CPU = Debug|Any CPU
		Release|Any CPU = Release|Any CPU
	EndGlobalSection
	GlobalSection(ProjectConfigurationPlatforms) = postSolution
		{49151F12-26B4-4A13-90BF-4F33AEA3C833}.Debug|Any CPU.ActiveCfg = Debug|Any CPU
		{49151F12-26B4-4A13-90BF-4F33AEA3C833}.Debug|Any CPU.Build.0 = Debug|Any CPU
		{49151F12-26B4-4A13-90BF-4F33AEA3C833}.Release|Any CPU.ActiveCfg = Release|Any CPU
		{49151F12-26B4-4A13-90BF-4F33AEA3C833}.Release|Any CPU.Build.0 = Release|Any CPU
	EndGlobalSection
	GlobalSection(SolutionProperties) = preSolution
		HideSolutionNode = FALSE
	EndGlobalSection
	GlobalSection(ExtensibilityGlobals) = postSolution
		SolutionGuid = {260AB1AA-32D9-4BFC-BD1F-76DFE0DDCDBB}
	EndGlobalSection
EndGlobal
